# This file was autogenerated by uv via the following command:
#    uv pip compile requirements.txt -o requirements.lock
annotated-types==0.7.0
    # via pydantic
ast-serialize==0.5.0
    # via mypy
beautifulsoup4==4.14.3
    # via -r requirements.txt
certifi==2026.4.22
    # via requests
cfgv==3.5.0
    # via pre-commit
charset-normalizer==3.4.7
    # via requests
detect-secrets==1.5.0
    # via -r requirements.txt
distlib==0.4.1
    # via virtualenv
filelock==3.29.1
    # via
    #   python-discovery
    #   virtualenv
greenlet==3.5.0
    # via playwright
identify==2.6.19
    # via pre-commit
idna==3.13
    # via requests
iniconfig==2.3.0
    # via pytest
librt==0.11.0
    # via mypy
logtail-python==0.3.4
    # via -r requirements.txt
msgpack==1.1.2
    # via logtail-python
mypy==2.1.0
    # via -r requirements.txt
mypy-extensions==1.1.0
    # via mypy
nodeenv==1.10.0
    # via pre-commit
packaging==26.2
    # via pytest
pathspec==1.1.1
    # via mypy
platformdirs==4.10.0
    # via
    #   python-discovery
    #   virtualenv
playwright==1.59.0
    # via -r requirements.txt
pluggy==1.6.0
    # via pytest
pre-commit==4.6.0
    # via -r requirements.txt
pydantic==2.13.4
    # via
    #   -r requirements.txt
    #   pydantic-settings
pydantic-core==2.46.4
    # via pydantic
pydantic-settings==2.14.1
    # via -r requirements.txt
pyee==13.0.1
    # via playwright
pygments==2.20.0
    # via pytest
pytest==9.0.3
    # via
    #   -r requirements.txt
    #   pytest-mock
pytest-mock==3.15.1
    # via -r requirements.txt
python-discovery==1.4.0
    # via virtualenv
python-dotenv==1.2.2
    # via pydantic-settings
python-json-logger==4.1.0
    # via -r requirements.txt
pyyaml==6.0.3
    # via
    #   detect-secrets
    #   pre-commit
requests==2.33.1
    # via
    #   -r requirements.txt
    #   detect-secrets
    #   logtail-python
ruff==0.15.16
    # via -r requirements.txt
soupsieve==2.8.3
    # via beautifulsoup4
typing-extensions==4.15.0
    # via
    #   beautifulsoup4
    #   mypy
    #   pydantic
    #   pydantic-core
    #   pyee
    #   typing-inspection
typing-inspection==0.4.2
    # via
    #   pydantic
    #   pydantic-settings
urllib3==2.7.0
    # via requests
virtualenv==21.4.2
    # via pre-commit
